
Microsoft Visual Studio Solution File, Format Version 12.00
# Visual Studio Version 17
VisualStudioVersion = 17.14.36511.14 d17.14
MinimumVisualStudioVersion = 10.0.40219.1
Project("{FAE04EC0-301F-11D3-BF4B-00C04F79EFBC}") = "Ejercicio3", "Ejercicio3.csproj", "{DE970867-BFFD-4BFC-AD81-0D460BEF6349}"
EndProject
Global
	GlobalSection(SolutionConfigurationPlatforms) = preSolution
		Debug|Any CPU = Debug|Any CPU
		Release|Any CPU = Release|Any CPU
	EndGlobalSection
	GlobalSection(ProjectConfigurationPlatforms) = postSolution
		{DE970867-BFFD-4BFC-AD81-0D460BEF6349}.Debug|Any CPU.ActiveCfg = Debug|Any CPU
		{DE970867-BFFD-4BFC-AD81-0D460BEF6349}.Debug|Any CPU.Build.0 = Debug|Any CPU
		{DE970867-BFFD-4BFC-AD81-0D460BEF6349}.Release|Any CPU.ActiveCfg = Release|Any CPU
		{DE970867-BFFD-4BFC-AD81-0D460BEF6349}.Release|Any CPU.Build.0 = Release|Any CPU
	EndGlobalSection
	GlobalSection(SolutionProperties) = preSolution
		HideSolutionNode = FALSE
	EndGlobalSection
	GlobalSection(ExtensibilityGlobals) = postSolution
		SolutionGuid = {0BAD4D3E-8293-4B30-9C91-7C69583F77BB}
	EndGlobalSection
EndGlobal
